github.com/safayatborhan/hugo-mod-json-resume v0.0.0-20241206165610-71fce707a4dc h1:HHfXmiO0ATCde78N0bxf1ia4ukIbkjcuufUHQpg8G0I=
github.com/safayatborhan/hugo-mod-json-resume v0.0.0-20241206165610-71fce707a4dc/go.mod h1:xbu0e2zNTcPnFKAUswlmpHuHG8NxJu4ybe3etVbSvBo=
github.com/safayatborhan/hugo-theme-gruvbox v0.0.0-20241206164122-a4e8bf93c631 h1:qpvcTRCSaJhQtqAesRqef+vEx25UTFAbk6F+OLxkUEc=
github.com/safayatborhan/hugo-theme-gruvbox v0.0.0-20241206164122-a4e8bf93c631/go.mod h1:1mmioH98LW9A8jDd4PN4GlZBi/ClE4Nuxyx+LCJ9Xco=
github.com/schnerring/hugo-mod-json-resume v0.0.0-20241204084259-835b08b1fd24 h1:RKC4wbnLxSyEVhRuKVsJPw4DjP1D3Tak5lvvURIm8m8=
github.com/schnerring/hugo-mod-json-resume v0.0.0-20241204084259-835b08b1fd24/go.mod h1:BcoGC8EeKe99qbys3sFvNmRH7FXJ2sgvfQMH/x3KmbU=
