github.com/safayatborhan/hugo-theme-gruvbox v0.0.0-20241209145506-3af8dcc19be1 h1:PTqc0I4aE7nAEU55pvwBaCOXIQ+6n0FTDe75BjgqXIA=
github.com/safayatborhan/hugo-theme-gruvbox v0.0.0-20241209145506-3af8dcc19be1/go.mod h1:1mmioH98LW9A8jDd4PN4GlZBi/ClE4Nuxyx+LCJ9Xco=
github.com/schnerring/hugo-mod-json-resume v0.0.0-20241208075355-56ffb8731c34 h1:9A7vHdybfy8WZrqITMSCy3FC0ga3kXDpLMKsvwtfLD0=
github.com/schnerring/hugo-mod-json-resume v0.0.0-20241208075355-56ffb8731c34/go.mod h1:BcoGC8EeKe99qbys3sFvNmRH7FXJ2sgvfQMH/x3KmbU=
